// !$*UTF8*$!
{
	archiveVersion = 1;
	classes = {
	};
	objectVersion = 77;
	objects = {

/* Begin PBXBuildFile section */
		02EBFEC7E7B1218C1004C416 /* DSChip.swift in Sources */ = {isa = PBXBuildFile; fileRef = 44DDE28423F3B193FA6BFE64 /* DSChip.swift */; };
		02F696014CE178F8CD64BFF2 /* DSStatTile.swift in Sources */ = {isa = PBXBuildFile; fileRef = C0AF3F534A055604245F2DEC /* DSStatTile.swift */; };
		34B1681272AABE4A2B56AB8D /* DSIcon.swift in Sources */ = {isa = PBXBuildFile; fileRef = E392033048A1D3DCB0552899 /* DSIcon.swift */; };
		446BBDA23A8FBA26950C22E4 /* DSButton.swift in Sources */ = {isa = PBXBuildFile; fileRef = 6CEDFFDAE0E192F9759DEC08 /* DSButton.swift */; };
		4E8761E7E6AADC3ED78F6771 /* ContentView.swift in Sources */ = {isa = PBXBuildFile; fileRef = 4DF209595118219563BB6645 /* ContentView.swift */; };
		6FACD63E237FA73F6D96C91B /* Assets.xcassets in Resources */ = {isa = PBXBuildFile; fileRef = 42094C32AE53B999C8B10482 /* Assets.xcassets */; };
		837484B22F542D9505197D96 /* QuizCategory.swift in Sources */ = {isa = PBXBuildFile; fileRef = 1A6125398C5EC16E10616FC0 /* QuizCategory.swift */; };
		8F77602B5D8843DECB2D3A58 /* Spacing.swift in Sources */ = {isa = PBXBuildFile; fileRef = 429FEA7CEF5FD9691E993E97 /* Spacing.swift */; };
		A26A42049F5A8F7535EC948A /* Typography.swift in Sources */ = {isa = PBXBuildFile; fileRef = 64B7B9938D4F04690AFD7049 /* Typography.swift */; };
		AAC290D768D575023F39198E /* Manrope-Variable.ttf in Resources */ = {isa = PBXBuildFile; fileRef = 9732C7D7F1D13319D0568F39 /* Manrope-Variable.ttf */; };
		B8C2954ACE3EF66B763E25E5 /* Radius.swift in Sources */ = {isa = PBXBuildFile; fileRef = 38D7870085E25965258860EE /* Radius.swift */; };
		BD599FAAFE1CEA9A65FEC679 /* Question.swift in Sources */ = {isa = PBXBuildFile; fileRef = F64E05ADB2059A48B9182061 /* Question.swift */; };
		C7424A486A706F5ECDEC9789 /* Colors.swift in Sources */ = {isa = PBXBuildFile; fileRef = DD89D7BBC440AE86ABCEF053 /* Colors.swift */; };
		C79E5BB7DF5C6FCC205E16FE /* QuestionBank.swift in Sources */ = {isa = PBXBuildFile; fileRef = 9B7C80963B02AE16AF387A2B /* QuestionBank.swift */; };
		CDA707BEC8F540D481C77ED8 /* FitnessQuizApp.swift in Sources */ = {isa = PBXBuildFile; fileRef = 954E6DC5B61F8A822F958CF1 /* FitnessQuizApp.swift */; };
		D325AD03E0F8261AC9134665 /* Difficulty.swift in Sources */ = {isa = PBXBuildFile; fileRef = 0FA58718D5136E1413CD16BF /* Difficulty.swift */; };
		EDE34F27BC3E74CBE84DDBC7 /* DSCard.swift in Sources */ = {isa = PBXBuildFile; fileRef = 519FF7A9BAF250FD8D92E6F3 /* DSCard.swift */; };
		EDF82353D362326E65B63D1E /* DSProgressRing.swift in Sources */ = {isa = PBXBuildFile; fileRef = 591D3CDFBBD395995B4BBDDF /* DSProgressRing.swift */; };
		F0F820FB86A89BEAF815659D /* Motion.swift in Sources */ = {isa = PBXBuildFile; fileRef = 1C2C005F4FF8C27DEFEAF7CF /* Motion.swift */; };
/* End PBXBuildFile section */

/* Begin PBXFileReference section */
		0FA58718D5136E1413CD16BF /* Difficulty.swift */ = {isa = PBXFileReference; lastKnownFileType = sourcecode.swift; path = Difficulty.swift; sourceTree = "<group>"; };
		1A6125398C5EC16E10616FC0 /* QuizCategory.swift */ = {isa = PBXFileReference; lastKnownFileType = sourcecode.swift; path = QuizCategory.swift; sourceTree = "<group>"; };
		1C2C005F4FF8C27DEFEAF7CF /* Motion.swift */ = {isa = PBXFileReference; lastKnownFileType = sourcecode.swift; path = Motion.swift; sourceTree = "<group>"; };
		2C6FB0F7AA6CF241D6388280 /* FitnessQuiz.app */ = {isa = PBXFileReference; includeInIndex = 0; lastKnownFileType = wrapper.application; path = FitnessQuiz.app; sourceTree = BUILT_PRODUCTS_DIR; };
		38D7870085E25965258860EE /* Radius.swift */ = {isa = PBXFileReference; lastKnownFileType = sourcecode.swift; path = Radius.swift; sourceTree = "<group>"; };
		42094C32AE53B999C8B10482 /* Assets.xcassets */ = {isa = PBXFileReference; lastKnownFileType = folder.assetcatalog; path = Assets.xcassets; sourceTree = "<group>"; };
		429FEA7CEF5FD9691E993E97 /* Spacing.swift */ = {isa = PBXFileReference; lastKnownFileType = sourcecode.swift; path = Spacing.swift; sourceTree = "<group>"; };
		44DDE28423F3B193FA6BFE64 /* DSChip.swift */ = {isa = PBXFileReference; lastKnownFileType = sourcecode.swift; path = DSChip.swift; sourceTree = "<group>"; };
		4DF209595118219563BB6645 /* ContentView.swift */ = {isa = PBXFileReference; lastKnownFileType = sourcecode.swift; path = ContentView.swift; sourceTree = "<group>"; };
		519FF7A9BAF250FD8D92E6F3 /* DSCard.swift */ = {isa = PBXFileReference; lastKnownFileType = sourcecode.swift; path = DSCard.swift; sourceTree = "<group>"; };
		591D3CDFBBD395995B4BBDDF /* DSProgressRing.swift */ = {isa = PBXFileReference; lastKnownFileType = sourcecode.swift; path = DSProgressRing.swift; sourceTree = "<group>"; };
		64B7B9938D4F04690AFD7049 /* Typography.swift */ = {isa = PBXFileReference; lastKnownFileType = sourcecode.swift; path = Typography.swift; sourceTree = "<group>"; };
		6CEDFFDAE0E192F9759DEC08 /* DSButton.swift */ = {isa = PBXFileReference; lastKnownFileType = sourcecode.swift; path = DSButton.swift; sourceTree = "<group>"; };
		954E6DC5B61F8A822F958CF1 /* FitnessQuizApp.swift */ = {isa = PBXFileReference; lastKnownFileType = sourcecode.swift; path = FitnessQuizApp.swift; sourceTree = "<group>"; };
		9732C7D7F1D13319D0568F39 /* Manrope-Variable.ttf */ = {isa = PBXFileReference; lastKnownFileType = file; path = "Manrope-Variable.ttf"; sourceTree = "<group>"; };
		9B7C80963B02AE16AF387A2B /* QuestionBank.swift */ = {isa = PBXFileReference; lastKnownFileType = sourcecode.swift; path = QuestionBank.swift; sourceTree = "<group>"; };
		C0AF3F534A055604245F2DEC /* DSStatTile.swift */ = {isa = PBXFileReference; lastKnownFileType = sourcecode.swift; path = DSStatTile.swift; sourceTree = "<group>"; };
		DD89D7BBC440AE86ABCEF053 /* Colors.swift */ = {isa = PBXFileReference; lastKnownFileType = sourcecode.swift; path = Colors.swift; sourceTree = "<group>"; };
		E392033048A1D3DCB0552899 /* DSIcon.swift */ = {isa = PBXFileReference; lastKnownFileType = sourcecode.swift; path = DSIcon.swift; sourceTree = "<group>"; };
		F373701A8B8199BD510C2C71 /* Info.plist */ = {isa = PBXFileReference; lastKnownFileType = text.plist; path = Info.plist; sourceTree = "<group>"; };
		F64E05ADB2059A48B9182061 /* Question.swift */ = {isa = PBXFileReference; lastKnownFileType = sourcecode.swift; path = Question.swift; sourceTree = "<group>"; };
/* End PBXFileReference section */

/* Begin PBXGroup section */
		2685ACC49A4776C4909F542E /* Resources */ = {
			isa = PBXGroup;
			children = (
				BC070D8CB73B5DD2FF6973CB /* Fonts */,
			);
			path = Resources;
			sourceTree = "<group>";
		};
		2A03DBEFC426C67DB18979B9 /* Products */ = {
			isa = PBXGroup;
			children = (
				2C6FB0F7AA6CF241D6388280 /* FitnessQuiz.app */,
			);
			name = Products;
			sourceTree = "<group>";
		};
		407CA7CBFFDA10E4E93FC062 /* DesignSystem */ = {
			isa = PBXGroup;
			children = (
				DD89D7BBC440AE86ABCEF053 /* Colors.swift */,
				1C2C005F4FF8C27DEFEAF7CF /* Motion.swift */,
				38D7870085E25965258860EE /* Radius.swift */,
				429FEA7CEF5FD9691E993E97 /* Spacing.swift */,
				64B7B9938D4F04690AFD7049 /* Typography.swift */,
				ADCB37E8E9B678B02C494458 /* Components */,
			);
			path = DesignSystem;
			sourceTree = "<group>";
		};
		49137546D5E858417EF65F67 = {
			isa = PBXGroup;
			children = (
				E7D4D21973066F74C235C94C /* FitnessQuiz */,
				2A03DBEFC426C67DB18979B9 /* Products */,
			);
			sourceTree = "<group>";
		};
		755CAB915CAFE66A7458A70D /* Models */ = {
			isa = PBXGroup;
			children = (
				0FA58718D5136E1413CD16BF /* Difficulty.swift */,
				F64E05ADB2059A48B9182061 /* Question.swift */,
				9B7C80963B02AE16AF387A2B /* QuestionBank.swift */,
				1A6125398C5EC16E10616FC0 /* QuizCategory.swift */,
			);
			path = Models;
			sourceTree = "<group>";
		};
		ADCB37E8E9B678B02C494458 /* Components */ = {
			isa = PBXGroup;
			children = (
				6CEDFFDAE0E192F9759DEC08 /* DSButton.swift */,
				519FF7A9BAF250FD8D92E6F3 /* DSCard.swift */,
				44DDE28423F3B193FA6BFE64 /* DSChip.swift */,
				E392033048A1D3DCB0552899 /* DSIcon.swift */,
				591D3CDFBBD395995B4BBDDF /* DSProgressRing.swift */,
				C0AF3F534A055604245F2DEC /* DSStatTile.swift */,
			);
			path = Components;
			sourceTree = "<group>";
		};
		BC070D8CB73B5DD2FF6973CB /* Fonts */ = {
			isa = PBXGroup;
			children = (
				9732C7D7F1D13319D0568F39 /* Manrope-Variable.ttf */,
			);
			path = Fonts;
			sourceTree = "<group>";
		};
		E7D4D21973066F74C235C94C /* FitnessQuiz */ = {
			isa = PBXGroup;
			children = (
				42094C32AE53B999C8B10482 /* Assets.xcassets */,
				4DF209595118219563BB6645 /* ContentView.swift */,
				954E6DC5B61F8A822F958CF1 /* FitnessQuizApp.swift */,
				F373701A8B8199BD510C2C71 /* Info.plist */,
				407CA7CBFFDA10E4E93FC062 /* DesignSystem */,
				755CAB915CAFE66A7458A70D /* Models */,
				2685ACC49A4776C4909F542E /* Resources */,
			);
			path = FitnessQuiz;
			sourceTree = "<group>";
		};
/* End PBXGroup section */

/* Begin PBXNativeTarget section */
		50E965AB44F87A333F95DB7D /* FitnessQuiz */ = {
			isa = PBXNativeTarget;
			buildConfigurationList = CECC35B2D8942EE1BA319107 /* Build configuration list for PBXNativeTarget "FitnessQuiz" */;
			buildPhases = (
				3EB6103E90D2C05ACC8E7620 /* Sources */,
				2FA9A88946D5311FD0645A06 /* Resources */,
			);
			buildRules = (
			);
			dependencies = (
			);
			name = FitnessQuiz;
			packageProductDependencies = (
			);
			productName = FitnessQuiz;
			productReference = 2C6FB0F7AA6CF241D6388280 /* FitnessQuiz.app */;
			productType = "com.apple.product-type.application";
		};
/* End PBXNativeTarget section */

/* Begin PBXProject section */
		13788B7CA2703C33C470D166 /* Project object */ = {
			isa = PBXProject;
			attributes = {
				BuildIndependentTargetsInParallel = YES;
				LastUpgradeCheck = 1430;
				TargetAttributes = {
					50E965AB44F87A333F95DB7D = {
						DevelopmentTeam = "";
						ProvisioningStyle = Automatic;
					};
				};
			};
			buildConfigurationList = 792F7DFCA63E668CA6580A56 /* Build configuration list for PBXProject "FitnessQuiz" */;
			developmentRegion = en;
			hasScannedForEncodings = 0;
			knownRegions = (
				Base,
				en,
			);
			mainGroup = 49137546D5E858417EF65F67;
			minimizedProjectReferenceProxies = 1;
			preferredProjectObjectVersion = 77;
			productRefGroup = 2A03DBEFC426C67DB18979B9 /* Products */;
			projectDirPath = "";
			projectRoot = "";
			targets = (
				50E965AB44F87A333F95DB7D /* FitnessQuiz */,
			);
		};
/* End PBXProject section */

/* Begin PBXResourcesBuildPhase section */
		2FA9A88946D5311FD0645A06 /* Resources */ = {
			isa = PBXResourcesBuildPhase;
			buildActionMask = 2147483647;
			files = (
				6FACD63E237FA73F6D96C91B /* Assets.xcassets in Resources */,
				AAC290D768D575023F39198E /* Manrope-Variable.ttf in Resources */,
			);
			runOnlyForDeploymentPostprocessing = 0;
		};
/* End PBXResourcesBuildPhase section */

/* Begin PBXSourcesBuildPhase section */
		3EB6103E90D2C05ACC8E7620 /* Sources */ = {
			isa = PBXSourcesBuildPhase;
			buildActionMask = 2147483647;
			files = (
				C7424A486A706F5ECDEC9789 /* Colors.swift in Sources */,
				4E8761E7E6AADC3ED78F6771 /* ContentView.swift in Sources */,
				446BBDA23A8FBA26950C22E4 /* DSButton.swift in Sources */,
				EDE34F27BC3E74CBE84DDBC7 /* DSCard.swift in Sources */,
				02EBFEC7E7B1218C1004C416 /* DSChip.swift in Sources */,
				34B1681272AABE4A2B56AB8D /* DSIcon.swift in Sources */,
				EDF82353D362326E65B63D1E /* DSProgressRing.swift in Sources */,
				02F696014CE178F8CD64BFF2 /* DSStatTile.swift in Sources */,
				D325AD03E0F8261AC9134665 /* Difficulty.swift in Sources */,
				CDA707BEC8F540D481C77ED8 /* FitnessQuizApp.swift in Sources */,
				F0F820FB86A89BEAF815659D /* Motion.swift in Sources */,
				BD599FAAFE1CEA9A65FEC679 /* Question.swift in Sources */,
				C79E5BB7DF5C6FCC205E16FE /* QuestionBank.swift in Sources */,
				837484B22F542D9505197D96 /* QuizCategory.swift in Sources */,
				B8C2954ACE3EF66B763E25E5 /* Radius.swift in Sources */,
				8F77602B5D8843DECB2D3A58 /* Spacing.swift in Sources */,
				A26A42049F5A8F7535EC948A /* Typography.swift in Sources */,
			);
			runOnlyForDeploymentPostprocessing = 0;
		};
/* End PBXSourcesBuildPhase section */

/* Begin XCBuildConfiguration section */
		1DC22B599E6DF20B5A386D9E /* Debug */ = {
			isa = XCBuildConfiguration;
			buildSettings = {
				ASSETCATALOG_COMPILER_APPICON_NAME = AppIcon;
				ASSETCATALOG_COMPILER_GLOBAL_ACCENT_COLOR_NAME = AccentColor;
				CODE_SIGN_IDENTITY = "iPhone Developer";
				INFOPLIST_FILE = FitnessQuiz/Info.plist;
				LD_RUNPATH_SEARCH_PATHS = (
					"$(inherited)",
					"@executable_path/Frameworks",
				);
				PRODUCT_BUNDLE_IDENTIFIER = com.qerim.dlamsd01.fitnessquiz;
				SDKROOT = iphoneos;
				TARGETED_DEVICE_FAMILY = 1;
			};
			name = Debug;
		};
		1FCB7A3206658363386F8059 /* Release */ = {
			isa = XCBuildConfiguration;
			buildSettings = {
				ALWAYS_SEARCH_USER_PATHS = NO;
				CLANG_ANALYZER_NONNULL = YES;
				CLANG_ANALYZER_NUMBER_OBJECT_CONVERSION = YES_AGGRESSIVE;
				CLANG_CXX_LANGUAGE_STANDARD = "gnu++14";
				CLANG_CXX_LIBRARY = "libc++";
				CLANG_ENABLE_MODULES = YES;
				CLANG_ENABLE_OBJC_ARC = YES;
				CLANG_ENABLE_OBJC_WEAK = YES;
				CLANG_WARN_BLOCK_CAPTURE_AUTORELEASING = YES;
				CLANG_WARN_BOOL_CONVERSION = YES;
				CLANG_WARN_COMMA = YES;
				CLANG_WARN_CONSTANT_CONVERSION = YES;
				CLANG_WARN_DEPRECATED_OBJC_IMPLEMENTATIONS = YES;
				CLANG_WARN_DIRECT_OBJC_ISA_USAGE = YES_ERROR;
				CLANG_WARN_DOCUMENTATION_COMMENTS = YES;
				CLANG_WARN_EMPTY_BODY = YES;
				CLANG_WARN_ENUM_CONVERSION = YES;
				CLANG_WARN_INFINITE_RECURSION = YES;
				CLANG_WARN_INT_CONVERSION = YES;
				CLANG_WARN_NON_LITERAL_NULL_CONVERSION = YES;
				CLANG_WARN_OBJC_IMPLICIT_RETAIN_SELF = YES;
				CLANG_WARN_OBJC_LITERAL_CONVERSION = YES;
				CLANG_WARN_OBJC_ROOT_CLASS = YES_ERROR;
				CLANG_WARN_QUOTED_INCLUDE_IN_FRAMEWORK_HEADER = YES;
				CLANG_WARN_RANGE_LOOP_ANALYSIS = YES;
				CLANG_WARN_STRICT_PROTOTYPES = YES;
				CLANG_WARN_SUSPICIOUS_MOVE = YES;
				CLANG_WARN_UNGUARDED_AVAILABILITY = YES_AGGRESSIVE;
				CLANG_WARN_UNREACHABLE_CODE = YES;
				CLANG_WARN__DUPLICATE_METHOD_MATCH = YES;
				CODE_SIGN_STYLE = Automatic;
				COPY_PHASE_STRIP = NO;
				DEBUG_INFORMATION_FORMAT = "dwarf-with-dsym";
				DEVELOPMENT_TEAM = "";
				ENABLE_NS_ASSERTIONS = NO;
				ENABLE_STRICT_OBJC_MSGSEND = YES;
				GCC_C_LANGUAGE_STANDARD = gnu11;
				GCC_NO_COMMON_BLOCKS = YES;
				GCC_WARN_64_TO_32_BIT_CONVERSION = YES;
				GCC_WARN_ABOUT_RETURN_TYPE = YES_ERROR;
				GCC_WARN_UNDECLARED_SELECTOR = YES;
				GCC_WARN_UNINITIALIZED_AUTOS = YES_AGGRESSIVE;
				GCC_WARN_UNUSED_FUNCTION = YES;
				GCC_WARN_UNUSED_VARIABLE = YES;
				IPHONEOS_DEPLOYMENT_TARGET = 16.0;
				MTL_ENABLE_DEBUG_INFO = NO;
				MTL_FAST_MATH = YES;
				PRODUCT_NAME = "$(TARGET_NAME)";
				SDKROOT = iphoneos;
				SWIFT_COMPILATION_MODE = wholemodule;
				SWIFT_OPTIMIZATION_LEVEL = "-O";
				SWIFT_VERSION = 5.0;
			};
			name = Release;
		};
		9D1969D22F5CDEB496E8B748 /* Release */ = {
			isa = XCBuildConfiguration;
			buildSettings = {
				ASSETCATALOG_COMPILER_APPICON_NAME = AppIcon;
				ASSETCATALOG_COMPILER_GLOBAL_ACCENT_COLOR_NAME = AccentColor;
				CODE_SIGN_IDENTITY = "iPhone Developer";
				INFOPLIST_FILE = FitnessQuiz/Info.plist;
				LD_RUNPATH_SEARCH_PATHS = (
					"$(inherited)",
					"@executable_path/Frameworks",
				);
				PRODUCT_BUNDLE_IDENTIFIER = com.qerim.dlamsd01.fitnessquiz;
				SDKROOT = iphoneos;
				TARGETED_DEVICE_FAMILY = 1;
			};
			name = Release;
		};
		E5F87093242F9F0585D12367 /* Debug */ = {
			isa = XCBuildConfiguration;
			buildSettings = {
				ALWAYS_SEARCH_USER_PATHS = NO;
				CLANG_ANALYZER_NONNULL = YES;
				CLANG_ANALYZER_NUMBER_OBJECT_CONVERSION = YES_AGGRESSIVE;
				CLANG_CXX_LANGUAGE_STANDARD = "gnu++14";
				CLANG_CXX_LIBRARY = "libc++";
				CLANG_ENABLE_MODULES = YES;
				CLANG_ENABLE_OBJC_ARC = YES;
				CLANG_ENABLE_OBJC_WEAK = YES;
				CLANG_WARN_BLOCK_CAPTURE_AUTORELEASING = YES;
				CLANG_WARN_BOOL_CONVERSION = YES;
				CLANG_WARN_COMMA = YES;
				CLANG_WARN_CONSTANT_CONVERSION = YES;
				CLANG_WARN_DEPRECATED_OBJC_IMPLEMENTATIONS = YES;
				CLANG_WARN_DIRECT_OBJC_ISA_USAGE = YES_ERROR;
				CLANG_WARN_DOCUMENTATION_COMMENTS = YES;
				CLANG_WARN_EMPTY_BODY = YES;
				CLANG_WARN_ENUM_CONVERSION = YES;
				CLANG_WARN_INFINITE_RECURSION = YES;
				CLANG_WARN_INT_CONVERSION = YES;
				CLANG_WARN_NON_LITERAL_NULL_CONVERSION = YES;
				CLANG_WARN_OBJC_IMPLICIT_RETAIN_SELF = YES;
				CLANG_WARN_OBJC_LITERAL_CONVERSION = YES;
				CLANG_WARN_OBJC_ROOT_CLASS = YES_ERROR;
				CLANG_WARN_QUOTED_INCLUDE_IN_FRAMEWORK_HEADER = YES;
				CLANG_WARN_RANGE_LOOP_ANALYSIS = YES;
				CLANG_WARN_STRICT_PROTOTYPES = YES;
				CLANG_WARN_SUSPICIOUS_MOVE = YES;
				CLANG_WARN_UNGUARDED_AVAILABILITY = YES_AGGRESSIVE;
				CLANG_WARN_UNREACHABLE_CODE = YES;
				CLANG_WARN__DUPLICATE_METHOD_MATCH = YES;
				CODE_SIGN_STYLE = Automatic;
				COPY_PHASE_STRIP = NO;
				DEBUG_INFORMATION_FORMAT = dwarf;
				DEVELOPMENT_TEAM = "";
				ENABLE_STRICT_OBJC_MSGSEND = YES;
				ENABLE_TESTABILITY = YES;
				GCC_C_LANGUAGE_STANDARD = gnu11;
				GCC_DYNAMIC_NO_PIC = NO;
				GCC_NO_COMMON_BLOCKS = YES;
				GCC_OPTIMIZATION_LEVEL = 0;
				GCC_PREPROCESSOR_DEFINITIONS = (
					"$(inherited)",
					"DEBUG=1",
				);
				GCC_WARN_64_TO_32_BIT_CONVERSION = YES;
				GCC_WARN_ABOUT_RETURN_TYPE = YES_ERROR;
				GCC_WARN_UNDECLARED_SELECTOR = YES;
				GCC_WARN_UNINITIALIZED_AUTOS = YES_AGGRESSIVE;
				GCC_WARN_UNUSED_FUNCTION = YES;
				GCC_WARN_UNUSED_VARIABLE = YES;
				IPHONEOS_DEPLOYMENT_TARGET = 16.0;
				MTL_ENABLE_DEBUG_INFO = INCLUDE_SOURCE;
				MTL_FAST_MATH = YES;
				ONLY_ACTIVE_ARCH = YES;
				PRODUCT_NAME = "$(TARGET_NAME)";
				SDKROOT = iphoneos;
				SWIFT_ACTIVE_COMPILATION_CONDITIONS = DEBUG;
				SWIFT_OPTIMIZATION_LEVEL = "-Onone";
				SWIFT_VERSION = 5.0;
			};
			name = Debug;
		};
/* End XCBuildConfiguration section */

/* Begin XCConfigurationList section */
		792F7DFCA63E668CA6580A56 /* Build configuration list for PBXProject "FitnessQuiz" */ = {
			isa = XCConfigurationList;
			buildConfigurations = (
				E5F87093242F9F0585D12367 /* Debug */,
				1FCB7A3206658363386F8059 /* Release */,
			);
			defaultConfigurationIsVisible = 0;
			defaultConfigurationName = Debug;
		};
		CECC35B2D8942EE1BA319107 /* Build configuration list for PBXNativeTarget "FitnessQuiz" */ = {
			isa = XCConfigurationList;
			buildConfigurations = (
				1DC22B599E6DF20B5A386D9E /* Debug */,
				9D1969D22F5CDEB496E8B748 /* Release */,
			);
			defaultConfigurationIsVisible = 0;
			defaultConfigurationName = Debug;
		};
/* End XCConfigurationList section */
	};
	rootObject = 13788B7CA2703C33C470D166 /* Project object */;
}
